<?xml version="1.0" encoding="UTF-8"?>
<Scheme
   version = "1.3">
   <BuildAction>
      <BuildActionEntries>
         <BuildActionEntry
            buildForRunning = "YES">
            <BuildableReference
               BuildableIdentifier = "primary"
               BlueprintIdentifier = "3F58D0DACCF3BA5DCD18C8FD"
               BuildableName = "ItemManager.app"
               BlueprintName = "ItemManager"
               ReferencedContainer = "container:ItemManager.xcodeproj">
            </BuildableReference>
         </BuildActionEntry>
      </BuildActionEntries>
   </BuildAction>
   <LaunchAction
      useCustomWorkingDirectory = "NO"
      buildConfiguration = "Debug">
      <BuildableProductRunnable>
         <BuildableReference
            BuildableIdentifier = "primary"
            BlueprintIdentifier = "3F58D0DACCF3BA5DCD18C8FD"
            BuildableName = "ItemManager.app"
            BlueprintName = "ItemManager"
            ReferencedContainer = "container:ItemManager.xcodeproj">
         </BuildableReference>
      </BuildableProductRunnable>
   </LaunchAction>
</Scheme>
